
Microsoft Visual Studio Solution File, Format Version 12.00
# Visual Studio Version 17
VisualStudioVersion = 17.7.34221.43
MinimumVisualStudioVersion = 10.0.40219.1
Project("{FAE04EC0-301F-11D3-BF4B-00C04F79EFBC}") = "EPhoto", "EPhoto\EPhoto.csproj", "{31C5E181-5DF6-4945-B1B9-44696DF8B0F6}"
EndProject
Global
	GlobalSection(SolutionConfigurationPlatforms) = preSolution
		Debug|Any CPU = Debug|Any CPU
		Release|Any CPU = Release|Any CPU
	EndGlobalSection
	GlobalSection(ProjectConfigurationPlatforms) = postSolution
		{31C5E181-5DF6-4945-B1B9-44696DF8B0F6}.Debug|Any CPU.ActiveCfg = Debug|Any CPU
		{31C5E181-5DF6-4945-B1B9-44696DF8B0F6}.Debug|Any CPU.Build.0 = Debug|Any CPU
		{31C5E181-5DF6-4945-B1B9-44696DF8B0F6}.Release|Any CPU.ActiveCfg = Release|Any CPU
		{31C5E181-5DF6-4945-B1B9-44696DF8B0F6}.Release|Any CPU.Build.0 = Release|Any CPU
	EndGlobalSection
	GlobalSection(SolutionProperties) = preSolution
		HideSolutionNode = FALSE
	EndGlobalSection
	GlobalSection(ExtensibilityGlobals) = postSolution
		SolutionGuid = {2CC4965E-B780-4A72-8F7A-3B410F3FBC7C}
	EndGlobalSection
EndGlobal
